{
  "nodes": {
    "fenix": {
      "inputs": {
        "nixpkgs": [
          "nixpkgs"
        ],
        "rust-analyzer-src": "rust-analyzer-src"
      },
      "locked": {
        "lastModified": 1787851824,
        "narHash": "sha256-hkUiwirNA/E0ZM/jkyl1KWh4tBwhwS/aesUjp6y0ARU=",
        "owner": "nix-community",
        "repo": "fenix",
        "rev": "2b240cd75dabb93338e1a3e6029898022bad0f52",
        "type": "github"
      },
      "original": {
        "owner": "nix-community",
        "repo": "fenix",
        "type": "github"
      }
    },
    "flake-parts": {
      "inputs": {
        "nixpkgs-lib": "nixpkgs-lib"
      },
      "locked": {
        "lastModified": 1787559586,
        "narHash": "sha256-onL0VLf9vPllmT0H/OlURIU5r5t5WIEl7t4tVNKT0Nw=",
        "owner": "hercules-ci",
        "repo": "flake-parts",
        "rev": "9d0d87172c374f89da73c1cfe6d81ae62feac1f1",
        "type": "github"
      },
      "original": {
        "owner": "hercules-ci",
        "repo": "flake-parts",
        "type": "github"
      }
    },
    "naersk": {
      "inputs": {
        "fenix": [
          "fenix"
        ],
        "nixpkgs": [
          "nixpkgs"
        ]
      },
      "locked": {
        "lastModified": 1782220280,
        "narHash": "sha256-thLTFbp9D5Qknmh8q/v4FRpLGphUSijT3E86cbLYTXo=",
        "owner": "nix-community",
        "repo": "naersk",
        "rev": "9aa07bb0256d300219b30622d2454e85f7f3667e",
        "type": "github"
      },
      "original": {
        "owner": "nix-community",
        "repo": "naersk",
        "type": "github"
      }
    },
    "nixpkgs": {
      "locked": {
        "lastModified": 1787736819,
        "narHash": "sha256-cV5xEJJK3BvhU8rEd4mC9UsmDi5qscv/kzGPhBRC5WA=",
        "owner": "nixos",
        "repo": "nixpkgs",
        "rev": "9fbb54b33e91ee4ca368e35a78e0613c720600b3",
        "type": "github"
      },
      "original": {
        "owner": "nixos",
        "ref": "nixos-unstable",
        "repo": "nixpkgs",
        "type": "github"
      }
    },
    "nixpkgs-lib": {
      "locked": {
        "lastModified": 1785031560,
        "narHash": "sha256-OmshNvn2vupOFpYinLUu+1Dnpu4n7Q5N3ggGVNHpkUI=",
        "owner": "nix-community",
        "repo": "nixpkgs.lib",
        "rev": "0e79af5e3d4dcfcd676ab5ba3f95d2e3352e078c",
        "type": "github"
      },
      "original": {
        "owner": "nix-community",
        "repo": "nixpkgs.lib",
        "type": "github"
      }
    },
    "root": {
      "inputs": {
        "fenix": "fenix",
        "flake-parts": "flake-parts",
        "naersk": "naersk",
        "nixpkgs": "nixpkgs",
        "src-opensbi": "src-opensbi",
        "src-uboot": "src-uboot",
        "src-uboot-d1": "src-uboot-d1",
        "standards": "standards"
      }
    },
    "rust-analyzer-src": {
      "flake": false,
      "locked": {
        "lastModified": 1787768781,
        "narHash": "sha256-PMVtb917DTWjGLTQHHI+ATUguk7Wxuqu6J+DINiU+qI=",
        "owner": "rust-lang",
        "repo": "rust-analyzer",
        "rev": "70d74f4d134c45b073c82167fb7e7d61334bd8f5",
        "type": "github"
      },
      "original": {
        "owner": "rust-lang",
        "ref": "nightly",
        "repo": "rust-analyzer",
        "type": "github"
      }
    },
    "src-opensbi": {
      "flake": false,
      "locked": {
        "lastModified": 1787238985,
        "narHash": "sha256-VDSxbHssl4O12eAbT/9QHjgIud1MpH3MtnVcKlVuIcY=",
        "owner": "riscv-software-src",
        "repo": "opensbi",
        "rev": "4e79fd7de59f1b2899092c1a84ce68c8ebc68f93",
        "type": "github"
      },
      "original": {
        "owner": "riscv-software-src",
        "repo": "opensbi",
        "type": "github"
      }
    },
    "src-uboot": {
      "flake": false,
      "locked": {
        "lastModified": 1787864706,
        "narHash": "sha256-7A1RtZ28ry8lyzj29fDFzXHfrijPkqq0qzpdL2NGoQg=",
        "owner": "u-boot",
        "repo": "u-boot",
        "rev": "658fc6aee95784139f070f9945cb3bc5da8d7d22",
        "type": "github"
      },
      "original": {
        "owner": "u-boot",
        "repo": "u-boot",
        "type": "github"
      }
    },
    "src-uboot-d1": {
      "flake": false,
      "locked": {
        "lastModified": 1698742382,
        "narHash": "sha256-POjP3PPuluYNTWWo5EUFWT0K3zYFWBFviPOGIhnejCA=",
        "owner": "smaeul",
        "repo": "u-boot",
        "rev": "2e89b706f5c956a70c989cd31665f1429e9a0b48",
        "type": "github"
      },
      "original": {
        "owner": "smaeul",
        "ref": "d1-wip",
        "repo": "u-boot",
        "type": "github"
      }
    },
    "standards": {
      "inputs": {
        "flake-parts": [
          "flake-parts"
        ],
        "nixpkgs": [
          "nixpkgs"
        ],
        "treefmt-nix": "treefmt-nix"
      },
      "locked": {
        "lastModified": 1786609788,
        "narHash": "sha256-nAoyTd5DqmQDORb/RYHDnw1BhM0l3wPBdz6C2kqeato=",
        "owner": "Daniel-De-Dev",
        "repo": "flake-standards",
        "rev": "123f20cdb07866a9b540a6af0792928db946e997",
        "type": "github"
      },
      "original": {
        "owner": "Daniel-De-Dev",
        "repo": "flake-standards",
        "type": "github"
      }
    },
    "treefmt-nix": {
      "inputs": {
        "nixpkgs": [
          "standards",
          "nixpkgs"
        ]
      },
      "locked": {
        "lastModified": 1785945821,
        "narHash": "sha256-NLSyTCW4K4ofhNBllt3omPasm6QpralXH1DBZOc91Dw=",
        "owner": "numtide",
        "repo": "treefmt-nix",
        "rev": "ae7910970dddc408fe6ab1c8e4b277bb21d72dc0",
        "type": "github"
      },
      "original": {
        "owner": "numtide",
        "repo": "treefmt-nix",
        "type": "github"
      }
    }
  },
  "root": "root",
  "version": 7
}
